{
  "nodes": {
    "argocd-nix-flakes-plugin": {
      "inputs": {
        "flake-utils": "flake-utils",
        "nixpkgs": [
          "nixpkgs"
        ]
      },
      "locked": {
        "lastModified": 1674144380,
        "narHash": "sha256-v115/4NOZsiJIhw3RILRhbgPpsLDjbf21Ql8tC7DrfM=",
        "owner": "mayflower",
        "repo": "argocd-nix-flakes-plugin",
        "rev": "886dc7cfce1b72123abdff09c9d3a2b2a65a8f00",
        "type": "github"
      },
      "original": {
        "owner": "mayflower",
        "repo": "argocd-nix-flakes-plugin",
        "type": "github"
      }
    },
    "flake-utils": {
      "locked": {
        "lastModified": 1667395993,
        "narHash": "sha256-nuEHfE/LcWyuSWnS8t12N1wc105Qtau+/OdUAjtQ0rA=",
        "owner": "numtide",
        "repo": "flake-utils",
        "rev": "5aed5285a952e0b949eb3ba02c12fa4fcfef535f",
        "type": "github"
      },
      "original": {
        "owner": "numtide",
        "repo": "flake-utils",
        "type": "github"
      }
    },
    "nixpkgs": {
      "locked": {
        "lastModified": 1673855058,
        "narHash": "sha256-A8NxuItHAnE7un/JoDMSM5iHlr6pabvcbkVGeaVz6Js=",
        "owner": "mayflower",
        "repo": "nixpkgs",
        "rev": "6c823dd700917aa6a00ee13d0e6bf96f7055a88a",
        "type": "github"
      },
      "original": {
        "owner": "mayflower",
        "ref": "mf-stable",
        "repo": "nixpkgs",
        "type": "github"
      }
    },
    "root": {
      "inputs": {
        "argocd-nix-flakes-plugin": "argocd-nix-flakes-plugin",
        "nixpkgs": "nixpkgs"
      }
    }
  },
  "root": "root",
  "version": 7
}
