{
  "nodes": {
    "nixpkgs": {
      "locked": {
        "lastModified": 1673855058,
        "narHash": "sha256-A8NxuItHAnE7un/JoDMSM5iHlr6pabvcbkVGeaVz6Js=",
        "owner": "mayflower",
        "repo": "nixpkgs",
        "rev": "6c823dd700917aa6a00ee13d0e6bf96f7055a88a",
        "type": "github"
      },
      "original": {
        "owner": "mayflower",
        "ref": "mf-stable",
        "repo": "nixpkgs",
        "type": "github"
      }
    },
    "root": {
      "inputs": {
        "nixpkgs": "nixpkgs"
      }
    }
  },
  "root": "root",
  "version": 7
}
